PODS:
  - CSSKit (0.1.6):
    - CSSKit/Foundation (= 0.1.6)
    - CSSKit/Macros (= 0.1.6)
    - CSSKit/Quartz (= 0.1.6)
    - CSSKit/UI (= 0.1.6)
  - CSSKit/Foundation (0.1.6)
  - CSSKit/Macros (0.1.6)
  - CSSKit/Quartz (0.1.6)
  - CSSKit/UI (0.1.6)
  - CSSNetworkClient (0.1.0):
    - CSSKit

DEPENDENCIES:
  - CSSNetworkClient (from `../`)

SPEC REPOS:
  https://github.com/cocoapods/specs.git:
    - CSSKit

EXTERNAL SOURCES:
  CSSNetworkClient:
    :path: "../"

SPEC CHECKSUMS:
  CSSKit: f0505458713e619f17e56721483880733fe60aa5
  CSSNetworkClient: 1875711c3f52e8e8c7b0f44dfabadf14ba5bd323

PODFILE CHECKSUM: d08f12a938c9b4753fe0ef43852af81db51a1a3a

COCOAPODS: 1.5.3
